
Microsoft Visual Studio Solution File, Format Version 12.00
# Visual Studio Version 17
VisualStudioVersion = 17.5.002.0
MinimumVisualStudioVersion = 10.0.40219.1
Project("{9A19103F-16F7-4668-BE54-9A1E7A4F7556}") = "BACKENDEMO", "BACKENDEMO\BACKENDEMO.csproj", "{AD7E6B99-1D58-4949-A284-1F51FF2CA93F}"
EndProject
Global
	GlobalSection(SolutionConfigurationPlatforms) = preSolution
		Debug|Any CPU = Debug|Any CPU
		Release|Any CPU = Release|Any CPU
	EndGlobalSection
	GlobalSection(ProjectConfigurationPlatforms) = postSolution
		{AD7E6B99-1D58-4949-A284-1F51FF2CA93F}.Debug|Any CPU.ActiveCfg = Debug|Any CPU
		{AD7E6B99-1D58-4949-A284-1F51FF2CA93F}.Debug|Any CPU.Build.0 = Debug|Any CPU
		{AD7E6B99-1D58-4949-A284-1F51FF2CA93F}.Release|Any CPU.ActiveCfg = Release|Any CPU
		{AD7E6B99-1D58-4949-A284-1F51FF2CA93F}.Release|Any CPU.Build.0 = Release|Any CPU
	EndGlobalSection
	GlobalSection(SolutionProperties) = preSolution
		HideSolutionNode = FALSE
	EndGlobalSection
	GlobalSection(ExtensibilityGlobals) = postSolution
		SolutionGuid = {B4AB322F-5496-4472-9165-882B2911949B}
	EndGlobalSection
EndGlobal
